
Microsoft Visual Studio Solution File, Format Version 12.00
# Visual Studio Version 16
VisualStudioVersion = 16.0.30804.86
MinimumVisualStudioVersion = 10.0.40219.1
Project("{FAE04EC0-301F-11D3-BF4B-00C04F79EFBC}") = "SaveTXTFileDate", "SaveTXTFileDate.csproj", "{8E993A5D-25AB-4F6C-B1A3-85E2CA0EC133}"
EndProject
Global
	GlobalSection(SolutionConfigurationPlatforms) = preSolution
		Debug|Any CPU = Debug|Any CPU
		Release|Any CPU = Release|Any CPU
	EndGlobalSection
	GlobalSection(ProjectConfigurationPlatforms) = postSolution
		{8E993A5D-25AB-4F6C-B1A3-85E2CA0EC133}.Debug|Any CPU.ActiveCfg = Debug|Any CPU
		{8E993A5D-25AB-4F6C-B1A3-85E2CA0EC133}.Debug|Any CPU.Build.0 = Debug|Any CPU
		{8E993A5D-25AB-4F6C-B1A3-85E2CA0EC133}.Release|Any CPU.ActiveCfg = Release|Any CPU
		{8E993A5D-25AB-4F6C-B1A3-85E2CA0EC133}.Release|Any CPU.Build.0 = Release|Any CPU
	EndGlobalSection
	GlobalSection(SolutionProperties) = preSolution
		HideSolutionNode = FALSE
	EndGlobalSection
	GlobalSection(ExtensibilityGlobals) = postSolution
		SolutionGuid = {AC2FF211-34C5-46C7-A010-BA9F15F49A04}
	EndGlobalSection
EndGlobal
